
Microsoft Visual Studio Solution File, Format Version 12.00
# Visual Studio Version 17
VisualStudioVersion = 17.7.34202.233
MinimumVisualStudioVersion = 10.0.40219.1
Project("{FAE04EC0-301F-11D3-BF4B-00C04F79EFBC}") = "SportsyTalk.Web", "SportsyTalk.Web\SportsyTalk.Web.csproj", "{22D97BA4-C1D8-464D-A3E3-8F15CC209641}"
EndProject
Project("{FAE04EC0-301F-11D3-BF4B-00C04F79EFBC}") = "SportsyTalk.Data", "SportsyTalk.Data\SportsyTalk.Data.csproj", "{C7598985-BF85-4F2E-9703-7C4EF0DBB679}"
EndProject
Project("{FAE04EC0-301F-11D3-BF4B-00C04F79EFBC}") = "SportsyTalk.Feeds", "SportsyTalk.Feeds\SportsyTalk.Feeds.csproj", "{9ECBD6E7-ABE8-48B6-87EE-CD1113229037}"
EndProject
Global
	GlobalSection(SolutionConfigurationPlatforms) = preSolution
		Debug|Any CPU = Debug|Any CPU
		Release|Any CPU = Release|Any CPU
	EndGlobalSection
	GlobalSection(ProjectConfigurationPlatforms) = postSolution
		{22D97BA4-C1D8-464D-A3E3-8F15CC209641}.Debug|Any CPU.ActiveCfg = Debug|Any CPU
		{22D97BA4-C1D8-464D-A3E3-8F15CC209641}.Debug|Any CPU.Build.0 = Debug|Any CPU
		{22D97BA4-C1D8-464D-A3E3-8F15CC209641}.Release|Any CPU.ActiveCfg = Release|Any CPU
		{22D97BA4-C1D8-464D-A3E3-8F15CC209641}.Release|Any CPU.Build.0 = Release|Any CPU
		{C7598985-BF85-4F2E-9703-7C4EF0DBB679}.Debug|Any CPU.ActiveCfg = Debug|Any CPU
		{C7598985-BF85-4F2E-9703-7C4EF0DBB679}.Debug|Any CPU.Build.0 = Debug|Any CPU
		{C7598985-BF85-4F2E-9703-7C4EF0DBB679}.Release|Any CPU.ActiveCfg = Release|Any CPU
		{C7598985-BF85-4F2E-9703-7C4EF0DBB679}.Release|Any CPU.Build.0 = Release|Any CPU
		{9ECBD6E7-ABE8-48B6-87EE-CD1113229037}.Debug|Any CPU.ActiveCfg = Debug|Any CPU
		{9ECBD6E7-ABE8-48B6-87EE-CD1113229037}.Debug|Any CPU.Build.0 = Debug|Any CPU
		{9ECBD6E7-ABE8-48B6-87EE-CD1113229037}.Release|Any CPU.ActiveCfg = Release|Any CPU
		{9ECBD6E7-ABE8-48B6-87EE-CD1113229037}.Release|Any CPU.Build.0 = Release|Any CPU
	EndGlobalSection
	GlobalSection(SolutionProperties) = preSolution
		HideSolutionNode = FALSE
	EndGlobalSection
	GlobalSection(ExtensibilityGlobals) = postSolution
		SolutionGuid = {524CA971-198F-42AE-9E6F-93AAD0617F71}
	EndGlobalSection
EndGlobal
